
Microsoft Visual Studio Solution File, Format Version 12.00
# Visual Studio 14
VisualStudioVersion = 14.0.25420.1
MinimumVisualStudioVersion = 10.0.40219.1
Project("{FAE04EC0-301F-11D3-BF4B-00C04F79EFBC}") = "UnitTestProject1", "UnitTestProject1\UnitTestProject1.csproj", "{B93D27F8-6DC3-4578-870F-A1A9125B7639}"
EndProject
Global
	GlobalSection(SolutionConfigurationPlatforms) = preSolution
		Debug|Any CPU = Debug|Any CPU
		Release|Any CPU = Release|Any CPU
	EndGlobalSection
	GlobalSection(ProjectConfigurationPlatforms) = postSolution
		{B93D27F8-6DC3-4578-870F-A1A9125B7639}.Debug|Any CPU.ActiveCfg = Debug|Any CPU
		{B93D27F8-6DC3-4578-870F-A1A9125B7639}.Debug|Any CPU.Build.0 = Debug|Any CPU
		{B93D27F8-6DC3-4578-870F-A1A9125B7639}.Release|Any CPU.ActiveCfg = Release|Any CPU
		{B93D27F8-6DC3-4578-870F-A1A9125B7639}.Release|Any CPU.Build.0 = Release|Any CPU
	EndGlobalSection
	GlobalSection(SolutionProperties) = preSolution
		HideSolutionNode = FALSE
	EndGlobalSection
EndGlobal
